
Microsoft Visual Studio Solution File, Format Version 12.00
# Visual Studio Version 16
VisualStudioVersion = 16.0.29709.97
MinimumVisualStudioVersion = 10.0.40219.1
Project("{FAE04EC0-301F-11D3-BF4B-00C04F79EFBC}") = "DND", "DND.csproj", "{C9BB0798-E0B2-47D2-AA15-AE7FF8948588}"
EndProject
Global
	GlobalSection(SolutionConfigurationPlatforms) = preSolution
		Debug|Any CPU = Debug|Any CPU
		Release|Any CPU = Release|Any CPU
	EndGlobalSection
	GlobalSection(ProjectConfigurationPlatforms) = postSolution
		{C9BB0798-E0B2-47D2-AA15-AE7FF8948588}.Debug|Any CPU.ActiveCfg = Debug|Any CPU
		{C9BB0798-E0B2-47D2-AA15-AE7FF8948588}.Debug|Any CPU.Build.0 = Debug|Any CPU
		{C9BB0798-E0B2-47D2-AA15-AE7FF8948588}.Release|Any CPU.ActiveCfg = Release|Any CPU
		{C9BB0798-E0B2-47D2-AA15-AE7FF8948588}.Release|Any CPU.Build.0 = Release|Any CPU
	EndGlobalSection
	GlobalSection(SolutionProperties) = preSolution
		HideSolutionNode = FALSE
	EndGlobalSection
	GlobalSection(ExtensibilityGlobals) = postSolution
		SolutionGuid = {299BAE07-89FC-4125-941B-1E599C1C3E39}
	EndGlobalSection
EndGlobal
